
Microsoft Visual Studio Solution File, Format Version 11.00
# Visual Studio 2010
Project("{8BC9CEB8-8B4A-11D0-8D11-00A0C91BC942}") = "CFObject", "CFObject.vcxproj", "{56896F70-5FFA-45B7-8C98-3B3067A22154}"
EndProject
Project("{8BC9CEB8-8B4A-11D0-8D11-00A0C91BC942}") = "TestDriver", "..\TestDriver\TestDriver.vcxproj", "{1DE53FC9-0DF3-4B77-80F5-A5FFE6D0C94E}"
EndProject
Project("{2150E333-8FDC-42A3-9474-1A3956D46DE8}") = "Solution Items", "Solution Items", "{DE80B4EA-CEE1-4C6D-BDC6-1ED740FA3BC9}"
	ProjectSection(SolutionItems) = preProject
		Costfunction.vsmdi = Costfunction.vsmdi
		Local.testsettings = Local.testsettings
		TraceAndTestImpact.testsettings = TraceAndTestImpact.testsettings
	EndProjectSection
EndProject
Project("{8BC9CEB8-8B4A-11D0-8D11-00A0C91BC942}") = "CostFunction", "..\CostFunction\CostFunction\CostFunction.vcxproj", "{23B79AF0-E655-4B07-BCA5-8A1471CF8A92}"
EndProject
Global
	GlobalSection(TestCaseManagementSettings) = postSolution
		CategoryFile = Costfunction.vsmdi
	EndGlobalSection
	GlobalSection(SolutionConfigurationPlatforms) = preSolution
		CompleteEnumeration|Win32 = CompleteEnumeration|Win32
		CompleteEnumeration|x64 = CompleteEnumeration|x64
		CompleteEnumerationDebug|Win32 = CompleteEnumerationDebug|Win32
		CompleteEnumerationDebug|x64 = CompleteEnumerationDebug|x64
		Debug|Win32 = Debug|Win32
		Debug|x64 = Debug|x64
		DebugDebugRecord|Win32 = DebugDebugRecord|Win32
		DebugDebugRecord|x64 = DebugDebugRecord|x64
		DebugEvaluate|Win32 = DebugEvaluate|Win32
		DebugEvaluate|x64 = DebugEvaluate|x64
		DebugPositions|Win32 = DebugPositions|Win32
		DebugPositions|x64 = DebugPositions|x64
		DebugPositionsAndRecord|Win32 = DebugPositionsAndRecord|Win32
		DebugPositionsAndRecord|x64 = DebugPositionsAndRecord|x64
		Evaluate|Win32 = Evaluate|Win32
		Evaluate|x64 = Evaluate|x64
		RaisingCameras|Win32 = RaisingCameras|Win32
		RaisingCameras|x64 = RaisingCameras|x64
		Release|Win32 = Release|Win32
		Release|x64 = Release|x64
		Release3.0|Win32 = Release3.0|Win32
		Release3.0|x64 = Release3.0|x64
		ReleaseDebugPositions|Win32 = ReleaseDebugPositions|Win32
		ReleaseDebugPositions|x64 = ReleaseDebugPositions|x64
		ReleaseDebugRecord|Win32 = ReleaseDebugRecord|Win32
		ReleaseDebugRecord|x64 = ReleaseDebugRecord|x64
		ReleaseDebugRecord3.0|Win32 = ReleaseDebugRecord3.0|Win32
		ReleaseDebugRecord3.0|x64 = ReleaseDebugRecord3.0|x64
		TestConfig|Win32 = TestConfig|Win32
		TestConfig|x64 = TestConfig|x64
	EndGlobalSection
	GlobalSection(ProjectConfigurationPlatforms) = postSolution
		{56896F70-5FFA-45B7-8C98-3B3067A22154}.CompleteEnumeration|Win32.ActiveCfg = TestConfig|x64
		{56896F70-5FFA-45B7-8C98-3B3067A22154}.CompleteEnumeration|x64.ActiveCfg = TestConfig|x64
		{56896F70-5FFA-45B7-8C98-3B3067A22154}.CompleteEnumeration|x64.Build.0 = TestConfig|x64
		{56896F70-5FFA-45B7-8C98-3B3067A22154}.CompleteEnumerationDebug|Win32.ActiveCfg = Debug|Win32
		{56896F70-5FFA-45B7-8C98-3B3067A22154}.CompleteEnumerationDebug|Win32.Build.0 = Debug|Win32
		{56896F70-5FFA-45B7-8C98-3B3067A22154}.CompleteEnumerationDebug|x64.ActiveCfg = Debug|x64
		{56896F70-5FFA-45B7-8C98-3B3067A22154}.CompleteEnumerationDebug|x64.Build.0 = Debug|x64
		{56896F70-5FFA-45B7-8C98-3B3067A22154}.Debug|Win32.ActiveCfg = Debug|Win32
		{56896F70-5FFA-45B7-8C98-3B3067A22154}.Debug|Win32.Build.0 = Debug|Win32
		{56896F70-5FFA-45B7-8C98-3B3067A22154}.Debug|x64.ActiveCfg = Debug|x64
		{56896F70-5FFA-45B7-8C98-3B3067A22154}.Debug|x64.Build.0 = Debug|x64
		{56896F70-5FFA-45B7-8C98-3B3067A22154}.DebugDebugRecord|Win32.ActiveCfg = Debug|x64
		{56896F70-5FFA-45B7-8C98-3B3067A22154}.DebugDebugRecord|x64.ActiveCfg = Debug|x64
		{56896F70-5FFA-45B7-8C98-3B3067A22154}.DebugDebugRecord|x64.Build.0 = Debug|x64
		{56896F70-5FFA-45B7-8C98-3B3067A22154}.DebugEvaluate|Win32.ActiveCfg = Debug|x64
		{56896F70-5FFA-45B7-8C98-3B3067A22154}.DebugEvaluate|x64.ActiveCfg = Debug|x64
		{56896F70-5FFA-45B7-8C98-3B3067A22154}.DebugEvaluate|x64.Build.0 = Debug|x64
		{56896F70-5FFA-45B7-8C98-3B3067A22154}.DebugPositions|Win32.ActiveCfg = Debug|x64
		{56896F70-5FFA-45B7-8C98-3B3067A22154}.DebugPositions|x64.ActiveCfg = Debug|x64
		{56896F70-5FFA-45B7-8C98-3B3067A22154}.DebugPositions|x64.Build.0 = Debug|x64
		{56896F70-5FFA-45B7-8C98-3B3067A22154}.DebugPositionsAndRecord|Win32.ActiveCfg = Debug|x64
		{56896F70-5FFA-45B7-8C98-3B3067A22154}.DebugPositionsAndRecord|x64.ActiveCfg = Debug|x64
		{56896F70-5FFA-45B7-8C98-3B3067A22154}.DebugPositionsAndRecord|x64.Build.0 = Debug|x64
		{56896F70-5FFA-45B7-8C98-3B3067A22154}.Evaluate|Win32.ActiveCfg = TestConfig|x64
		{56896F70-5FFA-45B7-8C98-3B3067A22154}.Evaluate|x64.ActiveCfg = TestConfig|x64
		{56896F70-5FFA-45B7-8C98-3B3067A22154}.Evaluate|x64.Build.0 = TestConfig|x64
		{56896F70-5FFA-45B7-8C98-3B3067A22154}.RaisingCameras|Win32.ActiveCfg = Release|x64
		{56896F70-5FFA-45B7-8C98-3B3067A22154}.RaisingCameras|x64.ActiveCfg = Release|x64
		{56896F70-5FFA-45B7-8C98-3B3067A22154}.RaisingCameras|x64.Build.0 = Release|x64
		{56896F70-5FFA-45B7-8C98-3B3067A22154}.Release|Win32.ActiveCfg = Release|Win32
		{56896F70-5FFA-45B7-8C98-3B3067A22154}.Release|Win32.Build.0 = Release|Win32
		{56896F70-5FFA-45B7-8C98-3B3067A22154}.Release|x64.ActiveCfg = Release|x64
		{56896F70-5FFA-45B7-8C98-3B3067A22154}.Release|x64.Build.0 = Release|x64
		{56896F70-5FFA-45B7-8C98-3B3067A22154}.Release3.0|Win32.ActiveCfg = Release|x64
		{56896F70-5FFA-45B7-8C98-3B3067A22154}.Release3.0|x64.ActiveCfg = Release|x64
		{56896F70-5FFA-45B7-8C98-3B3067A22154}.Release3.0|x64.Build.0 = Release|x64
		{56896F70-5FFA-45B7-8C98-3B3067A22154}.ReleaseDebugPositions|Win32.ActiveCfg = Release|x64
		{56896F70-5FFA-45B7-8C98-3B3067A22154}.ReleaseDebugPositions|x64.ActiveCfg = Release|x64
		{56896F70-5FFA-45B7-8C98-3B3067A22154}.ReleaseDebugPositions|x64.Build.0 = Release|x64
		{56896F70-5FFA-45B7-8C98-3B3067A22154}.ReleaseDebugRecord|Win32.ActiveCfg = Release|x64
		{56896F70-5FFA-45B7-8C98-3B3067A22154}.ReleaseDebugRecord|x64.ActiveCfg = Release|x64
		{56896F70-5FFA-45B7-8C98-3B3067A22154}.ReleaseDebugRecord|x64.Build.0 = Release|x64
		{56896F70-5FFA-45B7-8C98-3B3067A22154}.ReleaseDebugRecord3.0|Win32.ActiveCfg = Release|x64
		{56896F70-5FFA-45B7-8C98-3B3067A22154}.ReleaseDebugRecord3.0|x64.ActiveCfg = Release|x64
		{56896F70-5FFA-45B7-8C98-3B3067A22154}.ReleaseDebugRecord3.0|x64.Build.0 = Release|x64
		{56896F70-5FFA-45B7-8C98-3B3067A22154}.TestConfig|Win32.ActiveCfg = TestConfig|Win32
		{56896F70-5FFA-45B7-8C98-3B3067A22154}.TestConfig|Win32.Build.0 = TestConfig|Win32
		{56896F70-5FFA-45B7-8C98-3B3067A22154}.TestConfig|x64.ActiveCfg = TestConfig|x64
		{56896F70-5FFA-45B7-8C98-3B3067A22154}.TestConfig|x64.Build.0 = TestConfig|x64
		{1DE53FC9-0DF3-4B77-80F5-A5FFE6D0C94E}.CompleteEnumeration|Win32.ActiveCfg = Release|Win32
		{1DE53FC9-0DF3-4B77-80F5-A5FFE6D0C94E}.CompleteEnumeration|Win32.Build.0 = Release|Win32
		{1DE53FC9-0DF3-4B77-80F5-A5FFE6D0C94E}.CompleteEnumeration|x64.ActiveCfg = Release|Win32
		{1DE53FC9-0DF3-4B77-80F5-A5FFE6D0C94E}.CompleteEnumerationDebug|Win32.ActiveCfg = Debug|Win32
		{1DE53FC9-0DF3-4B77-80F5-A5FFE6D0C94E}.CompleteEnumerationDebug|Win32.Build.0 = Debug|Win32
		{1DE53FC9-0DF3-4B77-80F5-A5FFE6D0C94E}.CompleteEnumerationDebug|x64.ActiveCfg = Debug|Win32
		{1DE53FC9-0DF3-4B77-80F5-A5FFE6D0C94E}.Debug|Win32.ActiveCfg = Debug|Win32
		{1DE53FC9-0DF3-4B77-80F5-A5FFE6D0C94E}.Debug|Win32.Build.0 = Debug|Win32
		{1DE53FC9-0DF3-4B77-80F5-A5FFE6D0C94E}.Debug|x64.ActiveCfg = Debug|Win32
		{1DE53FC9-0DF3-4B77-80F5-A5FFE6D0C94E}.DebugDebugRecord|Win32.ActiveCfg = Debug|Win32
		{1DE53FC9-0DF3-4B77-80F5-A5FFE6D0C94E}.DebugDebugRecord|Win32.Build.0 = Debug|Win32
		{1DE53FC9-0DF3-4B77-80F5-A5FFE6D0C94E}.DebugDebugRecord|x64.ActiveCfg = Debug|Win32
		{1DE53FC9-0DF3-4B77-80F5-A5FFE6D0C94E}.DebugEvaluate|Win32.ActiveCfg = Debug|Win32
		{1DE53FC9-0DF3-4B77-80F5-A5FFE6D0C94E}.DebugEvaluate|Win32.Build.0 = Debug|Win32
		{1DE53FC9-0DF3-4B77-80F5-A5FFE6D0C94E}.DebugEvaluate|x64.ActiveCfg = Debug|Win32
		{1DE53FC9-0DF3-4B77-80F5-A5FFE6D0C94E}.DebugPositions|Win32.ActiveCfg = Debug|Win32
		{1DE53FC9-0DF3-4B77-80F5-A5FFE6D0C94E}.DebugPositions|Win32.Build.0 = Debug|Win32
		{1DE53FC9-0DF3-4B77-80F5-A5FFE6D0C94E}.DebugPositions|x64.ActiveCfg = Debug|Win32
		{1DE53FC9-0DF3-4B77-80F5-A5FFE6D0C94E}.DebugPositionsAndRecord|Win32.ActiveCfg = Debug|Win32
		{1DE53FC9-0DF3-4B77-80F5-A5FFE6D0C94E}.DebugPositionsAndRecord|Win32.Build.0 = Debug|Win32
		{1DE53FC9-0DF3-4B77-80F5-A5FFE6D0C94E}.DebugPositionsAndRecord|x64.ActiveCfg = Debug|Win32
		{1DE53FC9-0DF3-4B77-80F5-A5FFE6D0C94E}.Evaluate|Win32.ActiveCfg = Release|Win32
		{1DE53FC9-0DF3-4B77-80F5-A5FFE6D0C94E}.Evaluate|Win32.Build.0 = Release|Win32
		{1DE53FC9-0DF3-4B77-80F5-A5FFE6D0C94E}.Evaluate|x64.ActiveCfg = Release|Win32
		{1DE53FC9-0DF3-4B77-80F5-A5FFE6D0C94E}.RaisingCameras|Win32.ActiveCfg = Release|Win32
		{1DE53FC9-0DF3-4B77-80F5-A5FFE6D0C94E}.RaisingCameras|Win32.Build.0 = Release|Win32
		{1DE53FC9-0DF3-4B77-80F5-A5FFE6D0C94E}.RaisingCameras|x64.ActiveCfg = Release|Win32
		{1DE53FC9-0DF3-4B77-80F5-A5FFE6D0C94E}.Release|Win32.ActiveCfg = Release|Win32
		{1DE53FC9-0DF3-4B77-80F5-A5FFE6D0C94E}.Release|Win32.Build.0 = Release|Win32
		{1DE53FC9-0DF3-4B77-80F5-A5FFE6D0C94E}.Release|x64.ActiveCfg = Release|Win32
		{1DE53FC9-0DF3-4B77-80F5-A5FFE6D0C94E}.Release3.0|Win32.ActiveCfg = Release|Win32
		{1DE53FC9-0DF3-4B77-80F5-A5FFE6D0C94E}.Release3.0|Win32.Build.0 = Release|Win32
		{1DE53FC9-0DF3-4B77-80F5-A5FFE6D0C94E}.Release3.0|x64.ActiveCfg = Release|Win32
		{1DE53FC9-0DF3-4B77-80F5-A5FFE6D0C94E}.ReleaseDebugPositions|Win32.ActiveCfg = Release|Win32
		{1DE53FC9-0DF3-4B77-80F5-A5FFE6D0C94E}.ReleaseDebugPositions|Win32.Build.0 = Release|Win32
		{1DE53FC9-0DF3-4B77-80F5-A5FFE6D0C94E}.ReleaseDebugPositions|x64.ActiveCfg = Release|Win32
		{1DE53FC9-0DF3-4B77-80F5-A5FFE6D0C94E}.ReleaseDebugRecord|Win32.ActiveCfg = Release|Win32
		{1DE53FC9-0DF3-4B77-80F5-A5FFE6D0C94E}.ReleaseDebugRecord|Win32.Build.0 = Release|Win32
		{1DE53FC9-0DF3-4B77-80F5-A5FFE6D0C94E}.ReleaseDebugRecord|x64.ActiveCfg = Release|Win32
		{1DE53FC9-0DF3-4B77-80F5-A5FFE6D0C94E}.ReleaseDebugRecord3.0|Win32.ActiveCfg = Release|Win32
		{1DE53FC9-0DF3-4B77-80F5-A5FFE6D0C94E}.ReleaseDebugRecord3.0|Win32.Build.0 = Release|Win32
		{1DE53FC9-0DF3-4B77-80F5-A5FFE6D0C94E}.ReleaseDebugRecord3.0|x64.ActiveCfg = Release|Win32
		{1DE53FC9-0DF3-4B77-80F5-A5FFE6D0C94E}.TestConfig|Win32.ActiveCfg = Release|Win32
		{1DE53FC9-0DF3-4B77-80F5-A5FFE6D0C94E}.TestConfig|Win32.Build.0 = Release|Win32
		{1DE53FC9-0DF3-4B77-80F5-A5FFE6D0C94E}.TestConfig|x64.ActiveCfg = Release|Win32
		{23B79AF0-E655-4B07-BCA5-8A1471CF8A92}.CompleteEnumeration|Win32.ActiveCfg = CompleteEnumeration|Win32
		{23B79AF0-E655-4B07-BCA5-8A1471CF8A92}.CompleteEnumeration|Win32.Build.0 = CompleteEnumeration|Win32
		{23B79AF0-E655-4B07-BCA5-8A1471CF8A92}.CompleteEnumeration|x64.ActiveCfg = CompleteEnumeration|x64
		{23B79AF0-E655-4B07-BCA5-8A1471CF8A92}.CompleteEnumeration|x64.Build.0 = CompleteEnumeration|x64
		{23B79AF0-E655-4B07-BCA5-8A1471CF8A92}.CompleteEnumerationDebug|Win32.ActiveCfg = CompleteEnumerationDebug|Win32
		{23B79AF0-E655-4B07-BCA5-8A1471CF8A92}.CompleteEnumerationDebug|Win32.Build.0 = CompleteEnumerationDebug|Win32
		{23B79AF0-E655-4B07-BCA5-8A1471CF8A92}.CompleteEnumerationDebug|x64.ActiveCfg = CompleteEnumerationDebug|x64
		{23B79AF0-E655-4B07-BCA5-8A1471CF8A92}.CompleteEnumerationDebug|x64.Build.0 = CompleteEnumerationDebug|x64
		{23B79AF0-E655-4B07-BCA5-8A1471CF8A92}.Debug|Win32.ActiveCfg = Debug|Win32
		{23B79AF0-E655-4B07-BCA5-8A1471CF8A92}.Debug|Win32.Build.0 = Debug|Win32
		{23B79AF0-E655-4B07-BCA5-8A1471CF8A92}.Debug|x64.ActiveCfg = Debug|x64
		{23B79AF0-E655-4B07-BCA5-8A1471CF8A92}.Debug|x64.Build.0 = Debug|x64
		{23B79AF0-E655-4B07-BCA5-8A1471CF8A92}.DebugDebugRecord|Win32.ActiveCfg = DebugDebugRecord|Win32
		{23B79AF0-E655-4B07-BCA5-8A1471CF8A92}.DebugDebugRecord|Win32.Build.0 = DebugDebugRecord|Win32
		{23B79AF0-E655-4B07-BCA5-8A1471CF8A92}.DebugDebugRecord|x64.ActiveCfg = DebugDebugRecord|x64
		{23B79AF0-E655-4B07-BCA5-8A1471CF8A92}.DebugDebugRecord|x64.Build.0 = DebugDebugRecord|x64
		{23B79AF0-E655-4B07-BCA5-8A1471CF8A92}.DebugEvaluate|Win32.ActiveCfg = DebugEvaluate|Win32
		{23B79AF0-E655-4B07-BCA5-8A1471CF8A92}.DebugEvaluate|Win32.Build.0 = DebugEvaluate|Win32
		{23B79AF0-E655-4B07-BCA5-8A1471CF8A92}.DebugEvaluate|x64.ActiveCfg = DebugEvaluate|x64
		{23B79AF0-E655-4B07-BCA5-8A1471CF8A92}.DebugEvaluate|x64.Build.0 = DebugEvaluate|x64
		{23B79AF0-E655-4B07-BCA5-8A1471CF8A92}.DebugPositions|Win32.ActiveCfg = DebugPositions|Win32
		{23B79AF0-E655-4B07-BCA5-8A1471CF8A92}.DebugPositions|Win32.Build.0 = DebugPositions|Win32
		{23B79AF0-E655-4B07-BCA5-8A1471CF8A92}.DebugPositions|x64.ActiveCfg = DebugPositions|x64
		{23B79AF0-E655-4B07-BCA5-8A1471CF8A92}.DebugPositions|x64.Build.0 = DebugPositions|x64
		{23B79AF0-E655-4B07-BCA5-8A1471CF8A92}.DebugPositionsAndRecord|Win32.ActiveCfg = DebugPositionsAndRecord|Win32
		{23B79AF0-E655-4B07-BCA5-8A1471CF8A92}.DebugPositionsAndRecord|Win32.Build.0 = DebugPositionsAndRecord|Win32
		{23B79AF0-E655-4B07-BCA5-8A1471CF8A92}.DebugPositionsAndRecord|x64.ActiveCfg = DebugPositionsAndRecord|x64
		{23B79AF0-E655-4B07-BCA5-8A1471CF8A92}.DebugPositionsAndRecord|x64.Build.0 = DebugPositionsAndRecord|x64
		{23B79AF0-E655-4B07-BCA5-8A1471CF8A92}.Evaluate|Win32.ActiveCfg = Evaluate|Win32
		{23B79AF0-E655-4B07-BCA5-8A1471CF8A92}.Evaluate|Win32.Build.0 = Evaluate|Win32
		{23B79AF0-E655-4B07-BCA5-8A1471CF8A92}.Evaluate|x64.ActiveCfg = Evaluate|x64
		{23B79AF0-E655-4B07-BCA5-8A1471CF8A92}.Evaluate|x64.Build.0 = Evaluate|x64
		{23B79AF0-E655-4B07-BCA5-8A1471CF8A92}.RaisingCameras|Win32.ActiveCfg = RaisingCameras|Win32
		{23B79AF0-E655-4B07-BCA5-8A1471CF8A92}.RaisingCameras|Win32.Build.0 = RaisingCameras|Win32
		{23B79AF0-E655-4B07-BCA5-8A1471CF8A92}.RaisingCameras|x64.ActiveCfg = RaisingCameras|x64
		{23B79AF0-E655-4B07-BCA5-8A1471CF8A92}.RaisingCameras|x64.Build.0 = RaisingCameras|x64
		{23B79AF0-E655-4B07-BCA5-8A1471CF8A92}.Release|Win32.ActiveCfg = Release|Win32
		{23B79AF0-E655-4B07-BCA5-8A1471CF8A92}.Release|Win32.Build.0 = Release|Win32
		{23B79AF0-E655-4B07-BCA5-8A1471CF8A92}.Release|x64.ActiveCfg = Release|x64
		{23B79AF0-E655-4B07-BCA5-8A1471CF8A92}.Release|x64.Build.0 = Release|x64
		{23B79AF0-E655-4B07-BCA5-8A1471CF8A92}.Release3.0|Win32.ActiveCfg = Release3.0|Win32
		{23B79AF0-E655-4B07-BCA5-8A1471CF8A92}.Release3.0|Win32.Build.0 = Release3.0|Win32
		{23B79AF0-E655-4B07-BCA5-8A1471CF8A92}.Release3.0|x64.ActiveCfg = Release3.0|x64
		{23B79AF0-E655-4B07-BCA5-8A1471CF8A92}.Release3.0|x64.Build.0 = Release3.0|x64
		{23B79AF0-E655-4B07-BCA5-8A1471CF8A92}.ReleaseDebugPositions|Win32.ActiveCfg = ReleaseDebugPositions|Win32
		{23B79AF0-E655-4B07-BCA5-8A1471CF8A92}.ReleaseDebugPositions|Win32.Build.0 = ReleaseDebugPositions|Win32
		{23B79AF0-E655-4B07-BCA5-8A1471CF8A92}.ReleaseDebugPositions|x64.ActiveCfg = ReleaseDebugPositions|x64
		{23B79AF0-E655-4B07-BCA5-8A1471CF8A92}.ReleaseDebugPositions|x64.Build.0 = ReleaseDebugPositions|x64
		{23B79AF0-E655-4B07-BCA5-8A1471CF8A92}.ReleaseDebugRecord|Win32.ActiveCfg = ReleaseDebugRecord|Win32
		{23B79AF0-E655-4B07-BCA5-8A1471CF8A92}.ReleaseDebugRecord|Win32.Build.0 = ReleaseDebugRecord|Win32
		{23B79AF0-E655-4B07-BCA5-8A1471CF8A92}.ReleaseDebugRecord|x64.ActiveCfg = ReleaseDebugRecord|x64
		{23B79AF0-E655-4B07-BCA5-8A1471CF8A92}.ReleaseDebugRecord|x64.Build.0 = ReleaseDebugRecord|x64
		{23B79AF0-E655-4B07-BCA5-8A1471CF8A92}.ReleaseDebugRecord3.0|Win32.ActiveCfg = ReleaseDebugRecord3.0|Win32
		{23B79AF0-E655-4B07-BCA5-8A1471CF8A92}.ReleaseDebugRecord3.0|Win32.Build.0 = ReleaseDebugRecord3.0|Win32
		{23B79AF0-E655-4B07-BCA5-8A1471CF8A92}.ReleaseDebugRecord3.0|x64.ActiveCfg = ReleaseDebugRecord3.0|x64
		{23B79AF0-E655-4B07-BCA5-8A1471CF8A92}.ReleaseDebugRecord3.0|x64.Build.0 = ReleaseDebugRecord3.0|x64
		{23B79AF0-E655-4B07-BCA5-8A1471CF8A92}.TestConfig|Win32.ActiveCfg = TestConfig|Win32
		{23B79AF0-E655-4B07-BCA5-8A1471CF8A92}.TestConfig|Win32.Build.0 = TestConfig|Win32
		{23B79AF0-E655-4B07-BCA5-8A1471CF8A92}.TestConfig|x64.ActiveCfg = TestConfig|x64
		{23B79AF0-E655-4B07-BCA5-8A1471CF8A92}.TestConfig|x64.Build.0 = TestConfig|x64
	EndGlobalSection
	GlobalSection(SolutionProperties) = preSolution
		HideSolutionNode = FALSE
	EndGlobalSection
EndGlobal
