
Microsoft Visual Studio Solution File, Format Version 11.00
# Visual Studio 2010
Project("{8BC9CEB8-8B4A-11D0-8D11-00A0C91BC942}") = "CostFunction", "CostFunction\CostFunction.vcxproj", "{23B79AF0-E655-4B07-BCA5-8A1471CF8A92}"
EndProject
Project("{2150E333-8FDC-42A3-9474-1A3956D46DE8}") = "Solution Items", "Solution Items", "{EBDB4417-352C-4A3F-BBC7-42597671FB5E}"
	ProjectSection(SolutionItems) = preProject
		CostFunction.vsd = CostFunction.vsd
		CostFunction.vsmdi = CostFunction.vsmdi
		Local.testsettings = Local.testsettings
		TraceAndTestImpact.testsettings = TraceAndTestImpact.testsettings
	EndProjectSection
EndProject
Project("{8BC9CEB8-8B4A-11D0-8D11-00A0C91BC942}") = "CFObject", "..\CFObject\CFObject.vcxproj", "{56896F70-5FFA-45B7-8C98-3B3067A22154}"
EndProject
Project("{8BC9CEB8-8B4A-11D0-8D11-00A0C91BC942}") = "TestProject", "TestProject\TestProject.vcxproj", "{7A0A24C1-10E0-4282-BFD1-051F6A31E898}"
EndProject
Global
	GlobalSection(TestCaseManagementSettings) = postSolution
		CategoryFile = CostFunction.vsmdi
	EndGlobalSection
	GlobalSection(SolutionConfigurationPlatforms) = preSolution
		CompleteEnumeration|Win32 = CompleteEnumeration|Win32
		CompleteEnumeration|x64 = CompleteEnumeration|x64
		Debug|Win32 = Debug|Win32
		Debug|x64 = Debug|x64
		DebugEvaluate|Win32 = DebugEvaluate|Win32
		DebugEvaluate|x64 = DebugEvaluate|x64
		Evaluate|Win32 = Evaluate|Win32
		Evaluate|x64 = Evaluate|x64
		RaisingCameras|Win32 = RaisingCameras|Win32
		RaisingCameras|x64 = RaisingCameras|x64
		Release|Win32 = Release|Win32
		Release|x64 = Release|x64
		TestConfig|Win32 = TestConfig|Win32
		TestConfig|x64 = TestConfig|x64
	EndGlobalSection
	GlobalSection(ProjectConfigurationPlatforms) = postSolution
		{23B79AF0-E655-4B07-BCA5-8A1471CF8A92}.CompleteEnumeration|Win32.ActiveCfg = CompleteEnumeration|Win32
		{23B79AF0-E655-4B07-BCA5-8A1471CF8A92}.CompleteEnumeration|Win32.Build.0 = CompleteEnumeration|Win32
		{23B79AF0-E655-4B07-BCA5-8A1471CF8A92}.CompleteEnumeration|x64.ActiveCfg = CompleteEnumeration|x64
		{23B79AF0-E655-4B07-BCA5-8A1471CF8A92}.CompleteEnumeration|x64.Build.0 = CompleteEnumeration|x64
		{23B79AF0-E655-4B07-BCA5-8A1471CF8A92}.Debug|Win32.ActiveCfg = Debug|Win32
		{23B79AF0-E655-4B07-BCA5-8A1471CF8A92}.Debug|Win32.Build.0 = Debug|Win32
		{23B79AF0-E655-4B07-BCA5-8A1471CF8A92}.Debug|x64.ActiveCfg = Debug|x64
		{23B79AF0-E655-4B07-BCA5-8A1471CF8A92}.Debug|x64.Build.0 = Debug|x64
		{23B79AF0-E655-4B07-BCA5-8A1471CF8A92}.DebugEvaluate|Win32.ActiveCfg = DebugEvaluate|Win32
		{23B79AF0-E655-4B07-BCA5-8A1471CF8A92}.DebugEvaluate|Win32.Build.0 = DebugEvaluate|Win32
		{23B79AF0-E655-4B07-BCA5-8A1471CF8A92}.DebugEvaluate|x64.ActiveCfg = DebugEvaluate|x64
		{23B79AF0-E655-4B07-BCA5-8A1471CF8A92}.DebugEvaluate|x64.Build.0 = DebugEvaluate|x64
		{23B79AF0-E655-4B07-BCA5-8A1471CF8A92}.Evaluate|Win32.ActiveCfg = Evaluate|Win32
		{23B79AF0-E655-4B07-BCA5-8A1471CF8A92}.Evaluate|Win32.Build.0 = Evaluate|Win32
		{23B79AF0-E655-4B07-BCA5-8A1471CF8A92}.Evaluate|x64.ActiveCfg = Evaluate|x64
		{23B79AF0-E655-4B07-BCA5-8A1471CF8A92}.Evaluate|x64.Build.0 = Evaluate|x64
		{23B79AF0-E655-4B07-BCA5-8A1471CF8A92}.RaisingCameras|Win32.ActiveCfg = RaisingCameras|Win32
		{23B79AF0-E655-4B07-BCA5-8A1471CF8A92}.RaisingCameras|Win32.Build.0 = RaisingCameras|Win32
		{23B79AF0-E655-4B07-BCA5-8A1471CF8A92}.RaisingCameras|x64.ActiveCfg = RaisingCameras|x64
		{23B79AF0-E655-4B07-BCA5-8A1471CF8A92}.RaisingCameras|x64.Build.0 = RaisingCameras|x64
		{23B79AF0-E655-4B07-BCA5-8A1471CF8A92}.Release|Win32.ActiveCfg = Release|Win32
		{23B79AF0-E655-4B07-BCA5-8A1471CF8A92}.Release|Win32.Build.0 = Release|Win32
		{23B79AF0-E655-4B07-BCA5-8A1471CF8A92}.Release|x64.ActiveCfg = Release|x64
		{23B79AF0-E655-4B07-BCA5-8A1471CF8A92}.Release|x64.Build.0 = Release|x64
		{23B79AF0-E655-4B07-BCA5-8A1471CF8A92}.TestConfig|Win32.ActiveCfg = TestConfig|Win32
		{23B79AF0-E655-4B07-BCA5-8A1471CF8A92}.TestConfig|Win32.Build.0 = TestConfig|Win32
		{23B79AF0-E655-4B07-BCA5-8A1471CF8A92}.TestConfig|x64.ActiveCfg = TestConfig|x64
		{23B79AF0-E655-4B07-BCA5-8A1471CF8A92}.TestConfig|x64.Build.0 = TestConfig|x64
		{56896F70-5FFA-45B7-8C98-3B3067A22154}.CompleteEnumeration|Win32.ActiveCfg = Release|x64
		{56896F70-5FFA-45B7-8C98-3B3067A22154}.CompleteEnumeration|x64.ActiveCfg = Release|x64
		{56896F70-5FFA-45B7-8C98-3B3067A22154}.CompleteEnumeration|x64.Build.0 = Release|x64
		{56896F70-5FFA-45B7-8C98-3B3067A22154}.Debug|Win32.ActiveCfg = Debug|Win32
		{56896F70-5FFA-45B7-8C98-3B3067A22154}.Debug|Win32.Build.0 = Debug|Win32
		{56896F70-5FFA-45B7-8C98-3B3067A22154}.Debug|x64.ActiveCfg = Debug|x64
		{56896F70-5FFA-45B7-8C98-3B3067A22154}.Debug|x64.Build.0 = Debug|x64
		{56896F70-5FFA-45B7-8C98-3B3067A22154}.DebugEvaluate|Win32.ActiveCfg = Debug|x64
		{56896F70-5FFA-45B7-8C98-3B3067A22154}.DebugEvaluate|x64.ActiveCfg = Debug|x64
		{56896F70-5FFA-45B7-8C98-3B3067A22154}.DebugEvaluate|x64.Build.0 = Debug|x64
		{56896F70-5FFA-45B7-8C98-3B3067A22154}.Evaluate|Win32.ActiveCfg = Release|x64
		{56896F70-5FFA-45B7-8C98-3B3067A22154}.Evaluate|x64.ActiveCfg = Release|x64
		{56896F70-5FFA-45B7-8C98-3B3067A22154}.Evaluate|x64.Build.0 = Release|x64
		{56896F70-5FFA-45B7-8C98-3B3067A22154}.RaisingCameras|Win32.ActiveCfg = Release|x64
		{56896F70-5FFA-45B7-8C98-3B3067A22154}.RaisingCameras|x64.ActiveCfg = Release|x64
		{56896F70-5FFA-45B7-8C98-3B3067A22154}.RaisingCameras|x64.Build.0 = Release|x64
		{56896F70-5FFA-45B7-8C98-3B3067A22154}.Release|Win32.ActiveCfg = Release|Win32
		{56896F70-5FFA-45B7-8C98-3B3067A22154}.Release|Win32.Build.0 = Release|Win32
		{56896F70-5FFA-45B7-8C98-3B3067A22154}.Release|x64.ActiveCfg = Release|x64
		{56896F70-5FFA-45B7-8C98-3B3067A22154}.Release|x64.Build.0 = Release|x64
		{56896F70-5FFA-45B7-8C98-3B3067A22154}.TestConfig|Win32.ActiveCfg = TestConfig|Win32
		{56896F70-5FFA-45B7-8C98-3B3067A22154}.TestConfig|Win32.Build.0 = TestConfig|Win32
		{56896F70-5FFA-45B7-8C98-3B3067A22154}.TestConfig|x64.ActiveCfg = TestConfig|x64
		{56896F70-5FFA-45B7-8C98-3B3067A22154}.TestConfig|x64.Build.0 = TestConfig|x64
		{7A0A24C1-10E0-4282-BFD1-051F6A31E898}.CompleteEnumeration|Win32.ActiveCfg = Release|Win32
		{7A0A24C1-10E0-4282-BFD1-051F6A31E898}.CompleteEnumeration|Win32.Build.0 = Release|Win32
		{7A0A24C1-10E0-4282-BFD1-051F6A31E898}.CompleteEnumeration|x64.ActiveCfg = Release|Win32
		{7A0A24C1-10E0-4282-BFD1-051F6A31E898}.Debug|Win32.ActiveCfg = Debug|Win32
		{7A0A24C1-10E0-4282-BFD1-051F6A31E898}.Debug|Win32.Build.0 = Debug|Win32
		{7A0A24C1-10E0-4282-BFD1-051F6A31E898}.Debug|x64.ActiveCfg = Debug|Win32
		{7A0A24C1-10E0-4282-BFD1-051F6A31E898}.DebugEvaluate|Win32.ActiveCfg = Debug|Win32
		{7A0A24C1-10E0-4282-BFD1-051F6A31E898}.DebugEvaluate|Win32.Build.0 = Debug|Win32
		{7A0A24C1-10E0-4282-BFD1-051F6A31E898}.DebugEvaluate|x64.ActiveCfg = Debug|Win32
		{7A0A24C1-10E0-4282-BFD1-051F6A31E898}.Evaluate|Win32.ActiveCfg = Release|Win32
		{7A0A24C1-10E0-4282-BFD1-051F6A31E898}.Evaluate|Win32.Build.0 = Release|Win32
		{7A0A24C1-10E0-4282-BFD1-051F6A31E898}.Evaluate|x64.ActiveCfg = Release|Win32
		{7A0A24C1-10E0-4282-BFD1-051F6A31E898}.RaisingCameras|Win32.ActiveCfg = Release|Win32
		{7A0A24C1-10E0-4282-BFD1-051F6A31E898}.RaisingCameras|Win32.Build.0 = Release|Win32
		{7A0A24C1-10E0-4282-BFD1-051F6A31E898}.RaisingCameras|x64.ActiveCfg = Release|Win32
		{7A0A24C1-10E0-4282-BFD1-051F6A31E898}.Release|Win32.ActiveCfg = Release|Win32
		{7A0A24C1-10E0-4282-BFD1-051F6A31E898}.Release|Win32.Build.0 = Release|Win32
		{7A0A24C1-10E0-4282-BFD1-051F6A31E898}.Release|x64.ActiveCfg = Release|Win32
		{7A0A24C1-10E0-4282-BFD1-051F6A31E898}.TestConfig|Win32.ActiveCfg = Release|Win32
		{7A0A24C1-10E0-4282-BFD1-051F6A31E898}.TestConfig|Win32.Build.0 = Release|Win32
		{7A0A24C1-10E0-4282-BFD1-051F6A31E898}.TestConfig|x64.ActiveCfg = Release|Win32
	EndGlobalSection
	GlobalSection(SolutionProperties) = preSolution
		HideSolutionNode = FALSE
	EndGlobalSection
EndGlobal
