
Microsoft Visual Studio Solution File, Format Version 11.00
# Visual Studio 2010
Project("{8BC9CEB8-8B4A-11D0-8D11-00A0C91BC942}") = "CostFunction", "CostFunction\CostFunction.vcxproj", "{23B79AF0-E655-4B07-BCA5-8A1471CF8A92}"
EndProject
Project("{2150E333-8FDC-42A3-9474-1A3956D46DE8}") = "Solution Items", "Solution Items", "{EBDB4417-352C-4A3F-BBC7-42597671FB5E}"
	ProjectSection(SolutionItems) = preProject
		CostFunction.vsd = CostFunction.vsd
	EndProjectSection
EndProject
Global
	GlobalSection(SolutionConfigurationPlatforms) = preSolution
		Debug|Win32 = Debug|Win32
		Debug|x64 = Debug|x64
		DebugPositions|Win32 = DebugPositions|Win32
		DebugPositions|x64 = DebugPositions|x64
		DebugPositionsAndRecord|Win32 = DebugPositionsAndRecord|Win32
		DebugPositionsAndRecord|x64 = DebugPositionsAndRecord|x64
		Release|Win32 = Release|Win32
		Release|x64 = Release|x64
		Release3.0|Win32 = Release3.0|Win32
		Release3.0|x64 = Release3.0|x64
		ReleaseDebugPositions|Win32 = ReleaseDebugPositions|Win32
		ReleaseDebugPositions|x64 = ReleaseDebugPositions|x64
		ReleaseDebugRecord|Win32 = ReleaseDebugRecord|Win32
		ReleaseDebugRecord|x64 = ReleaseDebugRecord|x64
	EndGlobalSection
	GlobalSection(ProjectConfigurationPlatforms) = postSolution
		{23B79AF0-E655-4B07-BCA5-8A1471CF8A92}.Debug|Win32.ActiveCfg = Debug|Win32
		{23B79AF0-E655-4B07-BCA5-8A1471CF8A92}.Debug|Win32.Build.0 = Debug|Win32
		{23B79AF0-E655-4B07-BCA5-8A1471CF8A92}.Debug|x64.ActiveCfg = Debug|x64
		{23B79AF0-E655-4B07-BCA5-8A1471CF8A92}.Debug|x64.Build.0 = Debug|x64
		{23B79AF0-E655-4B07-BCA5-8A1471CF8A92}.DebugPositions|Win32.ActiveCfg = DebugPositions|Win32
		{23B79AF0-E655-4B07-BCA5-8A1471CF8A92}.DebugPositions|Win32.Build.0 = DebugPositions|Win32
		{23B79AF0-E655-4B07-BCA5-8A1471CF8A92}.DebugPositions|x64.ActiveCfg = DebugPositions|x64
		{23B79AF0-E655-4B07-BCA5-8A1471CF8A92}.DebugPositions|x64.Build.0 = DebugPositions|x64
		{23B79AF0-E655-4B07-BCA5-8A1471CF8A92}.DebugPositionsAndRecord|Win32.ActiveCfg = DebugPositionsAndRecord|Win32
		{23B79AF0-E655-4B07-BCA5-8A1471CF8A92}.DebugPositionsAndRecord|Win32.Build.0 = DebugPositionsAndRecord|Win32
		{23B79AF0-E655-4B07-BCA5-8A1471CF8A92}.DebugPositionsAndRecord|x64.ActiveCfg = DebugPositionsAndRecord|x64
		{23B79AF0-E655-4B07-BCA5-8A1471CF8A92}.DebugPositionsAndRecord|x64.Build.0 = DebugPositionsAndRecord|x64
		{23B79AF0-E655-4B07-BCA5-8A1471CF8A92}.Release|Win32.ActiveCfg = Release|Win32
		{23B79AF0-E655-4B07-BCA5-8A1471CF8A92}.Release|Win32.Build.0 = Release|Win32
		{23B79AF0-E655-4B07-BCA5-8A1471CF8A92}.Release|x64.ActiveCfg = Release|x64
		{23B79AF0-E655-4B07-BCA5-8A1471CF8A92}.Release|x64.Build.0 = Release|x64
		{23B79AF0-E655-4B07-BCA5-8A1471CF8A92}.Release3.0|Win32.ActiveCfg = Release3.0|Win32
		{23B79AF0-E655-4B07-BCA5-8A1471CF8A92}.Release3.0|Win32.Build.0 = Release3.0|Win32
		{23B79AF0-E655-4B07-BCA5-8A1471CF8A92}.Release3.0|x64.ActiveCfg = Release3.0|x64
		{23B79AF0-E655-4B07-BCA5-8A1471CF8A92}.Release3.0|x64.Build.0 = Release3.0|x64
		{23B79AF0-E655-4B07-BCA5-8A1471CF8A92}.ReleaseDebugPositions|Win32.ActiveCfg = ReleaseDebugPositions|Win32
		{23B79AF0-E655-4B07-BCA5-8A1471CF8A92}.ReleaseDebugPositions|Win32.Build.0 = ReleaseDebugPositions|Win32
		{23B79AF0-E655-4B07-BCA5-8A1471CF8A92}.ReleaseDebugPositions|x64.ActiveCfg = ReleaseDebugPositions|x64
		{23B79AF0-E655-4B07-BCA5-8A1471CF8A92}.ReleaseDebugPositions|x64.Build.0 = ReleaseDebugPositions|x64
		{23B79AF0-E655-4B07-BCA5-8A1471CF8A92}.ReleaseDebugRecord|Win32.ActiveCfg = ReleaseDebugRecord|Win32
		{23B79AF0-E655-4B07-BCA5-8A1471CF8A92}.ReleaseDebugRecord|Win32.Build.0 = ReleaseDebugRecord|Win32
		{23B79AF0-E655-4B07-BCA5-8A1471CF8A92}.ReleaseDebugRecord|x64.ActiveCfg = ReleaseDebugRecord|x64
		{23B79AF0-E655-4B07-BCA5-8A1471CF8A92}.ReleaseDebugRecord|x64.Build.0 = ReleaseDebugRecord|x64
	EndGlobalSection
	GlobalSection(SolutionProperties) = preSolution
		HideSolutionNode = FALSE
	EndGlobalSection
EndGlobal
